// !$*UTF8*$!
{
	archiveVersion = 1;
	classes = {
	};
	objectVersion = 46;
	objects = {

/* Begin PBXBuildFile section */
		9A1F29A119BED4C900CBF581 /* CoreGraphics.framework in Frameworks */ = {isa = PBXBuildFile; fileRef = 9A1F29A019BED4C900CBF581 /* CoreGraphics.framework */; };
		9A1F29A319BED4C900CBF581 /* UIKit.framework in Frameworks */ = {isa = PBXBuildFile; fileRef = 9A1F29A219BED4C900CBF581 /* UIKit.framework */; };
		9A1F29A919BED4C900CBF581 /* InfoPlist.strings in Resources */ = {isa = PBXBuildFile; fileRef = 9A1F29A719BED4C900CBF581 /* InfoPlist.strings */; };
		9A1F29AB19BED4C900CBF581 /* main.m in Sources */ = {isa = PBXBuildFile; fileRef = 9A1F29AA19BED4C900CBF581 /* main.m */; };
		9A1F29AF19BED4C900CBF581 /* AppDelegate.m in Sources */ = {isa = PBXBuildFile; fileRef = 9A1F29AE19BED4C900CBF581 /* AppDelegate.m */; };
		9A1F29B219BED4C900CBF581 /* Main.storyboard in Resources */ = {isa = PBXBuildFile; fileRef = 9A1F29B019BED4C900CBF581 /* Main.storyboard */; };
		9A1F29B519BED4C900CBF581 /* ViewController.m in Sources */ = {isa = PBXBuildFile; fileRef = 9A1F29B419BED4C900CBF581 /* ViewController.m */; };
		9A1F29B719BED4CA00CBF581 /* Images.xcassets in Resources */ = {isa = PBXBuildFile; fileRef = 9A1F29B619BED4CA00CBF581 /* Images.xcassets */; };
		9A1F29BE19BED4CA00CBF581 /* XCTest.framework in Frameworks */ = {isa = PBXBuildFile; fileRef = 9A1F29BD19BED4CA00CBF581 /* XCTest.framework */; };
		9A1F29BF19BED4CA00CBF581 /* Foundation.framework in Frameworks */ = {isa = PBXBuildFile; fileRef = 9A1F299E19BED4C900CBF581 /* Foundation.framework */; };
		9A1F29C019BED4CA00CBF581 /* UIKit.framework in Frameworks */ = {isa = PBXBuildFile; fileRef = 9A1F29A219BED4C900CBF581 /* UIKit.framework */; };
		9A1F29C819BED4CA00CBF581 /* InfoPlist.strings in Resources */ = {isa = PBXBuildFile; fileRef = 9A1F29C619BED4CA00CBF581 /* InfoPlist.strings */; };
		9A1F29CA19BED4CA00CBF581 /* AsaanTests.m in Sources */ = {isa = PBXBuildFile; fileRef = 9A1F29C919BED4CA00CBF581 /* AsaanTests.m */; };
		9A1F2A1419BEEA0C00CBF581 /* SignupViewController.m in Sources */ = {isa = PBXBuildFile; fileRef = 9A1F2A1319BEEA0C00CBF581 /* SignupViewController.m */; };
		9A1F2A1619BEFCA200CBF581 /* person_placeholder.png in Resources */ = {isa = PBXBuildFile; fileRef = 9A1F2A1519BEFCA200CBF581 /* person_placeholder.png */; };
		9A1F2A1A19BEFF1100CBF581 /* ProfileViewController.m in Sources */ = {isa = PBXBuildFile; fileRef = 9A1F2A1919BEFF1100CBF581 /* ProfileViewController.m */; };
		9A3D8AF619CD7D3D00BE1F25 /* FacebookSDK.framework in Frameworks */ = {isa = PBXBuildFile; fileRef = 9A3D8AF519CD7D3D00BE1F25 /* FacebookSDK.framework */; };
		9A3D8B0319CD7F2D00BE1F25 /* AddressBook.framework in Frameworks */ = {isa = PBXBuildFile; fileRef = 9A1F29D519BED99700CBF581 /* AddressBook.framework */; };
		9A3D8B0419CD7F3800BE1F25 /* AssetsLibrary.framework in Frameworks */ = {isa = PBXBuildFile; fileRef = 9A1F29D719BED99D00CBF581 /* AssetsLibrary.framework */; };
		9A3D8B0519CD7F5B00BE1F25 /* CoreMotion.framework in Frameworks */ = {isa = PBXBuildFile; fileRef = 9A1F29DB19BED9BD00CBF581 /* CoreMotion.framework */; };
		9A3D8B0619CD7F6600BE1F25 /* CoreText.framework in Frameworks */ = {isa = PBXBuildFile; fileRef = 9A1F29DD19BED9C700CBF581 /* CoreText.framework */; };
		9A3D8B0719CD7F7600BE1F25 /* MediaPlayer.framework in Frameworks */ = {isa = PBXBuildFile; fileRef = 9A1F29DF19BED9DA00CBF581 /* MediaPlayer.framework */; };
		9A4DA0E819CD940E002EEA67 /* GoogleOpenSource.framework in Frameworks */ = {isa = PBXBuildFile; fileRef = 9A4DA0E519CD940E002EEA67 /* GoogleOpenSource.framework */; };
		9A4DA0E919CD940E002EEA67 /* GooglePlus.bundle in Resources */ = {isa = PBXBuildFile; fileRef = 9A4DA0E619CD940E002EEA67 /* GooglePlus.bundle */; };
		9A4DA0EA19CD940E002EEA67 /* GooglePlus.framework in Frameworks */ = {isa = PBXBuildFile; fileRef = 9A4DA0E719CD940E002EEA67 /* GooglePlus.framework */; };
		9A55A2CB19CE991A00A5EDB5 /* Foundation.framework in Frameworks */ = {isa = PBXBuildFile; fileRef = 9A1F299E19BED4C900CBF581 /* Foundation.framework */; };
		9A55A2CC19CE992200A5EDB5 /* CFNetwork.framework in Frameworks */ = {isa = PBXBuildFile; fileRef = 9AB3A90D19C9871800C98D8D /* CFNetwork.framework */; };
		9A5971ED19D12F770047D1CE /* Parse.framework in Frameworks */ = {isa = PBXBuildFile; fileRef = 9A5971EB19D12F770047D1CE /* Parse.framework */; };
		9A5971EE19D12F770047D1CE /* ParseFacebookUtils.framework in Frameworks */ = {isa = PBXBuildFile; fileRef = 9A5971EC19D12F770047D1CE /* ParseFacebookUtils.framework */; };
		9A5971EF19D16B960047D1CE /* MapKit.framework in Frameworks */ = {isa = PBXBuildFile; fileRef = 9A92022219C068CD00EA68E1 /* MapKit.framework */; };
		9A5971F219D16BD60047D1CE /* ResturantListViewController.m in Sources */ = {isa = PBXBuildFile; fileRef = 9A5971F119D16BD60047D1CE /* ResturantListViewController.m */; };
		9A59722E19CEF59C00333E7A /* PaymentInfo.m in Sources */ = {isa = PBXBuildFile; fileRef = 9A59722D19CEF59C00333E7A /* PaymentInfo.m */; };
		9A5D6A4119CE87830051DB88 /* PTKAddressZip.m in Sources */ = {isa = PBXBuildFile; fileRef = 9A5D6A1819CE87830051DB88 /* PTKAddressZip.m */; };
		9A5D6A4219CE87830051DB88 /* PTKCard.m in Sources */ = {isa = PBXBuildFile; fileRef = 9A5D6A1A19CE87830051DB88 /* PTKCard.m */; };
		9A5D6A4319CE87830051DB88 /* PTKCardCVC.m in Sources */ = {isa = PBXBuildFile; fileRef = 9A5D6A1C19CE87830051DB88 /* PTKCardCVC.m */; };
		9A5D6A4419CE87830051DB88 /* PTKCardExpiry.m in Sources */ = {isa = PBXBuildFile; fileRef = 9A5D6A1E19CE87830051DB88 /* PTKCardExpiry.m */; };
		9A5D6A4519CE87830051DB88 /* PTKCardNumber.m in Sources */ = {isa = PBXBuildFile; fileRef = 9A5D6A2019CE87830051DB88 /* PTKCardNumber.m */; };
		9A5D6A4619CE87830051DB88 /* PTKComponent.m in Sources */ = {isa = PBXBuildFile; fileRef = 9A5D6A2319CE87830051DB88 /* PTKComponent.m */; };
		9A5D6A4719CE87830051DB88 /* PTKTextField.m in Sources */ = {isa = PBXBuildFile; fileRef = 9A5D6A2519CE87830051DB88 /* PTKTextField.m */; };
		9A5D6A4819CE87830051DB88 /* PTKUSAddressZip.m in Sources */ = {isa = PBXBuildFile; fileRef = 9A5D6A2719CE87830051DB88 /* PTKUSAddressZip.m */; };
		9A5D6A4919CE87830051DB88 /* PTKView.m in Sources */ = {isa = PBXBuildFile; fileRef = 9A5D6A2919CE87830051DB88 /* PTKView.m */; };
		9A5D6A4A19CE87830051DB88 /* amex.png in Resources */ = {isa = PBXBuildFile; fileRef = 9A5D6A2C19CE87830051DB88 /* amex.png */; };
		9A5D6A4B19CE87830051DB88 /* amex@2x.png in Resources */ = {isa = PBXBuildFile; fileRef = 9A5D6A2D19CE87830051DB88 /* amex@2x.png */; };
		9A5D6A4C19CE87830051DB88 /* cvc-amex.png in Resources */ = {isa = PBXBuildFile; fileRef = 9A5D6A2E19CE87830051DB88 /* cvc-amex.png */; };
		9A5D6A4D19CE87830051DB88 /* cvc-amex@2x.png in Resources */ = {isa = PBXBuildFile; fileRef = 9A5D6A2F19CE87830051DB88 /* cvc-amex@2x.png */; };
		9A5D6A4E19CE87830051DB88 /* cvc.png in Resources */ = {isa = PBXBuildFile; fileRef = 9A5D6A3019CE87830051DB88 /* cvc.png */; };
		9A5D6A4F19CE87830051DB88 /* cvc@2x.png in Resources */ = {isa = PBXBuildFile; fileRef = 9A5D6A3119CE87830051DB88 /* cvc@2x.png */; };
		9A5D6A5019CE87830051DB88 /* diners.png in Resources */ = {isa = PBXBuildFile; fileRef = 9A5D6A3219CE87830051DB88 /* diners.png */; };
		9A5D6A5119CE87830051DB88 /* diners@2x.png in Resources */ = {isa = PBXBuildFile; fileRef = 9A5D6A3319CE87830051DB88 /* diners@2x.png */; };
		9A5D6A5219CE87830051DB88 /* discover.png in Resources */ = {isa = PBXBuildFile; fileRef = 9A5D6A3419CE87830051DB88 /* discover.png */; };
		9A5D6A5319CE87830051DB88 /* discover@2x.png in Resources */ = {isa = PBXBuildFile; fileRef = 9A5D6A3519CE87830051DB88 /* discover@2x.png */; };
		9A5D6A5419CE87830051DB88 /* jcb.png in Resources */ = {isa = PBXBuildFile; fileRef = 9A5D6A3619CE87830051DB88 /* jcb.png */; };
		9A5D6A5519CE87830051DB88 /* jcb@2x.png in Resources */ = {isa = PBXBuildFile; fileRef = 9A5D6A3719CE87830051DB88 /* jcb@2x.png */; };
		9A5D6A5619CE87830051DB88 /* mastercard.png in Resources */ = {isa = PBXBuildFile; fileRef = 9A5D6A3819CE87830051DB88 /* mastercard.png */; };
		9A5D6A5719CE87830051DB88 /* mastercard@2x.png in Resources */ = {isa = PBXBuildFile; fileRef = 9A5D6A3919CE87830051DB88 /* mastercard@2x.png */; };
		9A5D6A5819CE87830051DB88 /* placeholder.png in Resources */ = {isa = PBXBuildFile; fileRef = 9A5D6A3A19CE87830051DB88 /* placeholder.png */; };
		9A5D6A5919CE87830051DB88 /* placeholder@2x.png in Resources */ = {isa = PBXBuildFile; fileRef = 9A5D6A3B19CE87830051DB88 /* placeholder@2x.png */; };
		9A5D6A5A19CE87830051DB88 /* visa.png in Resources */ = {isa = PBXBuildFile; fileRef = 9A5D6A3C19CE87830051DB88 /* visa.png */; };
		9A5D6A5B19CE87830051DB88 /* visa@2x.png in Resources */ = {isa = PBXBuildFile; fileRef = 9A5D6A3D19CE87830051DB88 /* visa@2x.png */; };
		9A5D6A5C19CE87830051DB88 /* gradient@2x.png in Resources */ = {isa = PBXBuildFile; fileRef = 9A5D6A3E19CE87830051DB88 /* gradient@2x.png */; };
		9A5D6A5D19CE87830051DB88 /* textfield.png in Resources */ = {isa = PBXBuildFile; fileRef = 9A5D6A3F19CE87830051DB88 /* textfield.png */; };
		9A5D6A5E19CE87830051DB88 /* textfield@2x.png in Resources */ = {isa = PBXBuildFile; fileRef = 9A5D6A4019CE87830051DB88 /* textfield@2x.png */; };
		9A5D6A8D19CE8A0B0051DB88 /* PKPayment+STPTestKeys.m in Sources */ = {isa = PBXBuildFile; fileRef = 9A5D6A7C19CE8A0B0051DB88 /* PKPayment+STPTestKeys.m */; };
		9A5D6A8E19CE8A0B0051DB88 /* STPAPIConnection.m in Sources */ = {isa = PBXBuildFile; fileRef = 9A5D6A7E19CE8A0B0051DB88 /* STPAPIConnection.m */; };
		9A5D6A8F19CE8A0B0051DB88 /* STPCard.m in Sources */ = {isa = PBXBuildFile; fileRef = 9A5D6A8019CE8A0B0051DB88 /* STPCard.m */; };
		9A5D6A9019CE8A0B0051DB88 /* STPTestPaymentAuthorizationViewController.m in Sources */ = {isa = PBXBuildFile; fileRef = 9A5D6A8319CE8A0B0051DB88 /* STPTestPaymentAuthorizationViewController.m */; };
		9A5D6A9119CE8A0B0051DB88 /* STPToken.m in Sources */ = {isa = PBXBuildFile; fileRef = 9A5D6A8519CE8A0B0051DB88 /* STPToken.m */; };
		9A5D6A9219CE8A0B0051DB88 /* STPUtils.m in Sources */ = {isa = PBXBuildFile; fileRef = 9A5D6A8719CE8A0B0051DB88 /* STPUtils.m */; };
		9A5D6A9319CE8A0B0051DB88 /* Stripe.m in Sources */ = {isa = PBXBuildFile; fileRef = 9A5D6A8A19CE8A0B0051DB88 /* Stripe.m */; };
		9A5D6A9419CE8A0B0051DB88 /* StripeError.m in Sources */ = {isa = PBXBuildFile; fileRef = 9A5D6A8C19CE8A0B0051DB88 /* StripeError.m */; };
		9A5D6A9819CE8AFB0051DB88 /* PassKit.framework in Frameworks */ = {isa = PBXBuildFile; fileRef = 9A5D6A9719CE8AFB0051DB88 /* PassKit.framework */; settings = {ATTRIBUTES = (Weak, ); }; };
		9A5D6A9A19CE8AFF0051DB88 /* StoreKit.framework in Frameworks */ = {isa = PBXBuildFile; fileRef = 9A5D6A9919CE8AFF0051DB88 /* StoreKit.framework */; };
		9A9E502219D2AE1F001F2C64 /* asaanTopLogo.png in Resources */ = {isa = PBXBuildFile; fileRef = 9A9E501F19D2AE1F001F2C64 /* asaanTopLogo.png */; };
		9A9E502319D2AE1F001F2C64 /* nextSinguppage.png in Resources */ = {isa = PBXBuildFile; fileRef = 9A9E502019D2AE1F001F2C64 /* nextSinguppage.png */; };
		9A9E502419D2AE1F001F2C64 /* personePlaceholder.png in Resources */ = {isa = PBXBuildFile; fileRef = 9A9E502119D2AE1F001F2C64 /* personePlaceholder.png */; };
		9A9E502619D2B7A7001F2C64 /* resturantDetailDemo.png in Resources */ = {isa = PBXBuildFile; fileRef = 9A9E502519D2B7A7001F2C64 /* resturantDetailDemo.png */; };
		9A9E502919D2B8EC001F2C64 /* address.png in Resources */ = {isa = PBXBuildFile; fileRef = 9A9E502719D2B8EC001F2C64 /* address.png */; };
		9A9E502A19D2B8EC001F2C64 /* Phone.png in Resources */ = {isa = PBXBuildFile; fileRef = 9A9E502819D2B8EC001F2C64 /* Phone.png */; };
		9A9E502C19D2BA88001F2C64 /* cal.png in Resources */ = {isa = PBXBuildFile; fileRef = 9A9E502B19D2BA88001F2C64 /* cal.png */; };
		9A9E503219D2BEE4001F2C64 /* addCard.png in Resources */ = {isa = PBXBuildFile; fileRef = 9A9E502D19D2BEE4001F2C64 /* addCard.png */; };
		9A9E503319D2BEE4001F2C64 /* address2.png in Resources */ = {isa = PBXBuildFile; fileRef = 9A9E502E19D2BEE4001F2C64 /* address2.png */; };
		9A9E503419D2BEE4001F2C64 /* contacts.png in Resources */ = {isa = PBXBuildFile; fileRef = 9A9E502F19D2BEE4001F2C64 /* contacts.png */; };
		9A9E503519D2BEE4001F2C64 /* edit.png in Resources */ = {isa = PBXBuildFile; fileRef = 9A9E503019D2BEE4001F2C64 /* edit.png */; };
		9A9E503619D2BEE4001F2C64 /* money.png in Resources */ = {isa = PBXBuildFile; fileRef = 9A9E503119D2BEE4001F2C64 /* money.png */; };
		9A9E503819D2C390001F2C64 /* asaanLogin.png in Resources */ = {isa = PBXBuildFile; fileRef = 9A9E503719D2C390001F2C64 /* asaanLogin.png */; };
		9A9E503B19D2C951001F2C64 /* F_icon.svg.png in Resources */ = {isa = PBXBuildFile; fileRef = 9A9E503919D2C951001F2C64 /* F_icon.svg.png */; };
		9A9E503C19D2C951001F2C64 /* g128.png in Resources */ = {isa = PBXBuildFile; fileRef = 9A9E503A19D2C951001F2C64 /* g128.png */; };
		9A9E503F19D2CB05001F2C64 /* LoginViewController.m in Sources */ = {isa = PBXBuildFile; fileRef = 9A9E503E19D2CB05001F2C64 /* LoginViewController.m */; };
		9AA9835719D29C8700178BDD /* fbbutton.png in Resources */ = {isa = PBXBuildFile; fileRef = 9AA9835419D29C8700178BDD /* fbbutton.png */; };
		9AA9835819D29C8700178BDD /* gplusBtn.png in Resources */ = {isa = PBXBuildFile; fileRef = 9AA9835519D29C8700178BDD /* gplusBtn.png */; };
		9AA9835919D29C8700178BDD /* landingpage.png in Resources */ = {isa = PBXBuildFile; fileRef = 9AA9835619D29C8700178BDD /* landingpage.png */; };
		9AA9835B19D29DDE00178BDD /* landingpage2.png in Resources */ = {isa = PBXBuildFile; fileRef = 9AA9835A19D29DDE00178BDD /* landingpage2.png */; };
		9AB3A90C19C9870E00C98D8D /* AudioToolbox.framework in Frameworks */ = {isa = PBXBuildFile; fileRef = 9AB3A90B19C9870E00C98D8D /* AudioToolbox.framework */; };
		9AB3A90F19C9872900C98D8D /* CoreLocation.framework in Frameworks */ = {isa = PBXBuildFile; fileRef = 9A1F29D919BED9B500CBF581 /* CoreLocation.framework */; };
		9AB3A91119C9873700C98D8D /* libz.dylib in Frameworks */ = {isa = PBXBuildFile; fileRef = 9AB3A91019C9873700C98D8D /* libz.dylib */; };
		9AB3A91319C9874600C98D8D /* MobileCoreServices.framework in Frameworks */ = {isa = PBXBuildFile; fileRef = 9AB3A91219C9874600C98D8D /* MobileCoreServices.framework */; };
		9AB3A91519C9874C00C98D8D /* QuartzCore.framework in Frameworks */ = {isa = PBXBuildFile; fileRef = 9AB3A91419C9874C00C98D8D /* QuartzCore.framework */; };
		9AB3A91619C9875700C98D8D /* Security.framework in Frameworks */ = {isa = PBXBuildFile; fileRef = 9A1F29E119BED9DF00CBF581 /* Security.framework */; };
		9AB3A91919C9876C00C98D8D /* SystemConfiguration.framework in Frameworks */ = {isa = PBXBuildFile; fileRef = 9A1F29E319BED9ED00CBF581 /* SystemConfiguration.framework */; };
		9AB3A96D19C98A7300C98D8D /* Social.framework in Frameworks */ = {isa = PBXBuildFile; fileRef = 9AB3A96C19C98A7300C98D8D /* Social.framework */; };
		9AB8389119CFE7D900F7D334 /* InviteFriendsViewController.m in Sources */ = {isa = PBXBuildFile; fileRef = 9AB8389019CFE7D900F7D334 /* InviteFriendsViewController.m */; };
		9AB8389519CFF39E00F7D334 /* MBProgressHUD.m in Sources */ = {isa = PBXBuildFile; fileRef = 9AB8389419CFF39E00F7D334 /* MBProgressHUD.m */; };
		9AF9C4CF19D184ED00E85A39 /* ResturantDetailViewController.m in Sources */ = {isa = PBXBuildFile; fileRef = 9AF9C4CE19D184ED00E85A39 /* ResturantDetailViewController.m */; };
/* End PBXBuildFile section */

/* Begin PBXContainerItemProxy section */
		9A1F29C119BED4CA00CBF581 /* PBXContainerItemProxy */ = {
			isa = PBXContainerItemProxy;
			containerPortal = 9A1F299319BED4C900CBF581 /* Project object */;
			proxyType = 1;
			remoteGlobalIDString = 9A1F299A19BED4C900CBF581;
			remoteInfo = Asaan;
		};
/* End PBXContainerItemProxy section */

/* Begin PBXFileReference section */
		9A1F299B19BED4C900CBF581 /* Asaan.app */ = {isa = PBXFileReference; explicitFileType = wrapper.application; includeInIndex = 0; path = Asaan.app; sourceTree = BUILT_PRODUCTS_DIR; };
		9A1F299E19BED4C900CBF581 /* Foundation.framework */ = {isa = PBXFileReference; lastKnownFileType = wrapper.framework; name = Foundation.framework; path = System/Library/Frameworks/Foundation.framework; sourceTree = SDKROOT; };
		9A1F29A019BED4C900CBF581 /* CoreGraphics.framework */ = {isa = PBXFileReference; lastKnownFileType = wrapper.framework; name = CoreGraphics.framework; path = System/Library/Frameworks/CoreGraphics.framework; sourceTree = SDKROOT; };
		9A1F29A219BED4C900CBF581 /* UIKit.framework */ = {isa = PBXFileReference; lastKnownFileType = wrapper.framework; name = UIKit.framework; path = System/Library/Frameworks/UIKit.framework; sourceTree = SDKROOT; };
		9A1F29A619BED4C900CBF581 /* Asaan-Info.plist */ = {isa = PBXFileReference; lastKnownFileType = text.plist.xml; path = "Asaan-Info.plist"; sourceTree = "<group>"; };
		9A1F29A819BED4C900CBF581 /* en */ = {isa = PBXFileReference; lastKnownFileType = text.plist.strings; name = en; path = en.lproj/InfoPlist.strings; sourceTree = "<group>"; };
		9A1F29AA19BED4C900CBF581 /* main.m */ = {isa = PBXFileReference; lastKnownFileType = sourcecode.c.objc; path = main.m; sourceTree = "<group>"; };
		9A1F29AC19BED4C900CBF581 /* Asaan-Prefix.pch */ = {isa = PBXFileReference; lastKnownFileType = sourcecode.c.h; path = "Asaan-Prefix.pch"; sourceTree = "<group>"; };
		9A1F29AD19BED4C900CBF581 /* AppDelegate.h */ = {isa = PBXFileReference; lastKnownFileType = sourcecode.c.h; path = AppDelegate.h; sourceTree = "<group>"; };
		9A1F29AE19BED4C900CBF581 /* AppDelegate.m */ = {isa = PBXFileReference; lastKnownFileType = sourcecode.c.objc; path = AppDelegate.m; sourceTree = "<group>"; };
		9A1F29B119BED4C900CBF581 /* Base */ = {isa = PBXFileReference; lastKnownFileType = file.storyboard; name = Base; path = Base.lproj/Main.storyboard; sourceTree = "<group>"; };
		9A1F29B319BED4C900CBF581 /* ViewController.h */ = {isa = PBXFileReference; lastKnownFileType = sourcecode.c.h; path = ViewController.h; sourceTree = "<group>"; };
		9A1F29B419BED4C900CBF581 /* ViewController.m */ = {isa = PBXFileReference; lastKnownFileType = sourcecode.c.objc; path = ViewController.m; sourceTree = "<group>"; };
		9A1F29B619BED4CA00CBF581 /* Images.xcassets */ = {isa = PBXFileReference; lastKnownFileType = folder.assetcatalog; path = Images.xcassets; sourceTree = "<group>"; };
		9A1F29BC19BED4CA00CBF581 /* AsaanTests.xctest */ = {isa = PBXFileReference; explicitFileType = wrapper.cfbundle; includeInIndex = 0; path = AsaanTests.xctest; sourceTree = BUILT_PRODUCTS_DIR; };
		9A1F29BD19BED4CA00CBF581 /* XCTest.framework */ = {isa = PBXFileReference; lastKnownFileType = wrapper.framework; name = XCTest.framework; path = Library/Frameworks/XCTest.framework; sourceTree = DEVELOPER_DIR; };
		9A1F29C519BED4CA00CBF581 /* AsaanTests-Info.plist */ = {isa = PBXFileReference; lastKnownFileType = text.plist.xml; path = "AsaanTests-Info.plist"; sourceTree = "<group>"; };
		9A1F29C719BED4CA00CBF581 /* en */ = {isa = PBXFileReference; lastKnownFileType = text.plist.strings; name = en; path = en.lproj/InfoPlist.strings; sourceTree = "<group>"; };
		9A1F29C919BED4CA00CBF581 /* AsaanTests.m */ = {isa = PBXFileReference; lastKnownFileType = sourcecode.c.objc; path = AsaanTests.m; sourceTree = "<group>"; };
		9A1F29D519BED99700CBF581 /* AddressBook.framework */ = {isa = PBXFileReference; lastKnownFileType = wrapper.framework; name = AddressBook.framework; path = System/Library/Frameworks/AddressBook.framework; sourceTree = SDKROOT; };
		9A1F29D719BED99D00CBF581 /* AssetsLibrary.framework */ = {isa = PBXFileReference; lastKnownFileType = wrapper.framework; name = AssetsLibrary.framework; path = System/Library/Frameworks/AssetsLibrary.framework; sourceTree = SDKROOT; };
		9A1F29D919BED9B500CBF581 /* CoreLocation.framework */ = {isa = PBXFileReference; lastKnownFileType = wrapper.framework; name = CoreLocation.framework; path = System/Library/Frameworks/CoreLocation.framework; sourceTree = SDKROOT; };
		9A1F29DB19BED9BD00CBF581 /* CoreMotion.framework */ = {isa = PBXFileReference; lastKnownFileType = wrapper.framework; name = CoreMotion.framework; path = System/Library/Frameworks/CoreMotion.framework; sourceTree = SDKROOT; };
		9A1F29DD19BED9C700CBF581 /* CoreText.framework */ = {isa = PBXFileReference; lastKnownFileType = wrapper.framework; name = CoreText.framework; path = System/Library/Frameworks/CoreText.framework; sourceTree = SDKROOT; };
		9A1F29DF19BED9DA00CBF581 /* MediaPlayer.framework */ = {isa = PBXFileReference; lastKnownFileType = wrapper.framework; name = MediaPlayer.framework; path = System/Library/Frameworks/MediaPlayer.framework; sourceTree = SDKROOT; };
		9A1F29E119BED9DF00CBF581 /* Security.framework */ = {isa = PBXFileReference; lastKnownFileType = wrapper.framework; name = Security.framework; path = System/Library/Frameworks/Security.framework; sourceTree = SDKROOT; };
		9A1F29E319BED9ED00CBF581 /* SystemConfiguration.framework */ = {isa = PBXFileReference; lastKnownFileType = wrapper.framework; name = SystemConfiguration.framework; path = System/Library/Frameworks/SystemConfiguration.framework; sourceTree = SDKROOT; };
		9A1F2A1219BEEA0B00CBF581 /* SignupViewController.h */ = {isa = PBXFileReference; fileEncoding = 4; lastKnownFileType = sourcecode.c.h; path = SignupViewController.h; sourceTree = "<group>"; };
		9A1F2A1319BEEA0C00CBF581 /* SignupViewController.m */ = {isa = PBXFileReference; fileEncoding = 4; lastKnownFileType = sourcecode.c.objc; path = SignupViewController.m; sourceTree = "<group>"; };
		9A1F2A1519BEFCA200CBF581 /* person_placeholder.png */ = {isa = PBXFileReference; lastKnownFileType = image.png; path = person_placeholder.png; sourceTree = "<group>"; };
		9A1F2A1819BEFF1100CBF581 /* ProfileViewController.h */ = {isa = PBXFileReference; fileEncoding = 4; lastKnownFileType = sourcecode.c.h; path = ProfileViewController.h; sourceTree = "<group>"; };
		9A1F2A1919BEFF1100CBF581 /* ProfileViewController.m */ = {isa = PBXFileReference; fileEncoding = 4; lastKnownFileType = sourcecode.c.objc; path = ProfileViewController.m; sourceTree = "<group>"; };
		9A3D8AF519CD7D3D00BE1F25 /* FacebookSDK.framework */ = {isa = PBXFileReference; lastKnownFileType = wrapper.framework; path = FacebookSDK.framework; sourceTree = "<group>"; };
		9A4DA0E519CD940E002EEA67 /* GoogleOpenSource.framework */ = {isa = PBXFileReference; lastKnownFileType = wrapper.framework; path = GoogleOpenSource.framework; sourceTree = "<group>"; };
		9A4DA0E619CD940E002EEA67 /* GooglePlus.bundle */ = {isa = PBXFileReference; lastKnownFileType = "wrapper.plug-in"; path = GooglePlus.bundle; sourceTree = "<group>"; };
		9A4DA0E719CD940E002EEA67 /* GooglePlus.framework */ = {isa = PBXFileReference; lastKnownFileType = wrapper.framework; path = GooglePlus.framework; sourceTree = "<group>"; };
		9A5971EB19D12F770047D1CE /* Parse.framework */ = {isa = PBXFileReference; lastKnownFileType = wrapper.framework; path = Parse.framework; sourceTree = "<group>"; };
		9A5971EC19D12F770047D1CE /* ParseFacebookUtils.framework */ = {isa = PBXFileReference; lastKnownFileType = wrapper.framework; path = ParseFacebookUtils.framework; sourceTree = "<group>"; };
		9A5971F019D16BD60047D1CE /* ResturantListViewController.h */ = {isa = PBXFileReference; fileEncoding = 4; lastKnownFileType = sourcecode.c.h; path = ResturantListViewController.h; sourceTree = "<group>"; };
		9A5971F119D16BD60047D1CE /* ResturantListViewController.m */ = {isa = PBXFileReference; fileEncoding = 4; lastKnownFileType = sourcecode.c.objc; path = ResturantListViewController.m; sourceTree = "<group>"; };
		9A59722C19CEF59C00333E7A /* PaymentInfo.h */ = {isa = PBXFileReference; fileEncoding = 4; lastKnownFileType = sourcecode.c.h; path = PaymentInfo.h; sourceTree = "<group>"; };
		9A59722D19CEF59C00333E7A /* PaymentInfo.m */ = {isa = PBXFileReference; fileEncoding = 4; lastKnownFileType = sourcecode.c.objc; path = PaymentInfo.m; sourceTree = "<group>"; };
		9A5D6A1719CE87830051DB88 /* PTKAddressZip.h */ = {isa = PBXFileReference; fileEncoding = 4; lastKnownFileType = sourcecode.c.h; path = PTKAddressZip.h; sourceTree = "<group>"; };
		9A5D6A1819CE87830051DB88 /* PTKAddressZip.m */ = {isa = PBXFileReference; fileEncoding = 4; lastKnownFileType = sourcecode.c.objc; path = PTKAddressZip.m; sourceTree = "<group>"; };
		9A5D6A1919CE87830051DB88 /* PTKCard.h */ = {isa = PBXFileReference; fileEncoding = 4; lastKnownFileType = sourcecode.c.h; path = PTKCard.h; sourceTree = "<group>"; };
		9A5D6A1A19CE87830051DB88 /* PTKCard.m */ = {isa = PBXFileReference; fileEncoding = 4; lastKnownFileType = sourcecode.c.objc; path = PTKCard.m; sourceTree = "<group>"; };
		9A5D6A1B19CE87830051DB88 /* PTKCardCVC.h */ = {isa = PBXFileReference; fileEncoding = 4; lastKnownFileType = sourcecode.c.h; path = PTKCardCVC.h; sourceTree = "<group>"; };
		9A5D6A1C19CE87830051DB88 /* PTKCardCVC.m */ = {isa = PBXFileReference; fileEncoding = 4; lastKnownFileType = sourcecode.c.objc; path = PTKCardCVC.m; sourceTree = "<group>"; };
		9A5D6A1D19CE87830051DB88 /* PTKCardExpiry.h */ = {isa = PBXFileReference; fileEncoding = 4; lastKnownFileType = sourcecode.c.h; path = PTKCardExpiry.h; sourceTree = "<group>"; };
		9A5D6A1E19CE87830051DB88 /* PTKCardExpiry.m */ = {isa = PBXFileReference; fileEncoding = 4; lastKnownFileType = sourcecode.c.objc; path = PTKCardExpiry.m; sourceTree = "<group>"; };
		9A5D6A1F19CE87830051DB88 /* PTKCardNumber.h */ = {isa = PBXFileReference; fileEncoding = 4; lastKnownFileType = sourcecode.c.h; path = PTKCardNumber.h; sourceTree = "<group>"; };
		9A5D6A2019CE87830051DB88 /* PTKCardNumber.m */ = {isa = PBXFileReference; fileEncoding = 4; lastKnownFileType = sourcecode.c.objc; path = PTKCardNumber.m; sourceTree = "<group>"; };
		9A5D6A2119CE87830051DB88 /* PTKCardType.h */ = {isa = PBXFileReference; fileEncoding = 4; lastKnownFileType = sourcecode.c.h; path = PTKCardType.h; sourceTree = "<group>"; };
		9A5D6A2219CE87830051DB88 /* PTKComponent.h */ = {isa = PBXFileReference; fileEncoding = 4; lastKnownFileType = sourcecode.c.h; path = PTKComponent.h; sourceTree = "<group>"; };
		9A5D6A2319CE87830051DB88 /* PTKComponent.m */ = {isa = PBXFileReference; fileEncoding = 4; lastKnownFileType = sourcecode.c.objc; path = PTKComponent.m; sourceTree = "<group>"; };
		9A5D6A2419CE87830051DB88 /* PTKTextField.h */ = {isa = PBXFileReference; fileEncoding = 4; lastKnownFileType = sourcecode.c.h; path = PTKTextField.h; sourceTree = "<group>"; };
		9A5D6A2519CE87830051DB88 /* PTKTextField.m */ = {isa = PBXFileReference; fileEncoding = 4; lastKnownFileType = sourcecode.c.objc; path = PTKTextField.m; sourceTree = "<group>"; };
		9A5D6A2619CE87830051DB88 /* PTKUSAddressZip.h */ = {isa = PBXFileReference; fileEncoding = 4; lastKnownFileType = sourcecode.c.h; path = PTKUSAddressZip.h; sourceTree = "<group>"; };
		9A5D6A2719CE87830051DB88 /* PTKUSAddressZip.m */ = {isa = PBXFileReference; fileEncoding = 4; lastKnownFileType = sourcecode.c.objc; path = PTKUSAddressZip.m; sourceTree = "<group>"; };
		9A5D6A2819CE87830051DB88 /* PTKView.h */ = {isa = PBXFileReference; fileEncoding = 4; lastKnownFileType = sourcecode.c.h; path = PTKView.h; sourceTree = "<group>"; };
		9A5D6A2919CE87830051DB88 /* PTKView.m */ = {isa = PBXFileReference; fileEncoding = 4; lastKnownFileType = sourcecode.c.objc; path = PTKView.m; sourceTree = "<group>"; };
		9A5D6A2C19CE87830051DB88 /* amex.png */ = {isa = PBXFileReference; lastKnownFileType = image.png; path = amex.png; sourceTree = "<group>"; };
		9A5D6A2D19CE87830051DB88 /* amex@2x.png */ = {isa = PBXFileReference; lastKnownFileType = image.png; path = "amex@2x.png"; sourceTree = "<group>"; };
		9A5D6A2E19CE87830051DB88 /* cvc-amex.png */ = {isa = PBXFileReference; lastKnownFileType = image.png; path = "cvc-amex.png"; sourceTree = "<group>"; };
		9A5D6A2F19CE87830051DB88 /* cvc-amex@2x.png */ = {isa = PBXFileReference; lastKnownFileType = image.png; path = "cvc-amex@2x.png"; sourceTree = "<group>"; };
		9A5D6A3019CE87830051DB88 /* cvc.png */ = {isa = PBXFileReference; lastKnownFileType = image.png; path = cvc.png; sourceTree = "<group>"; };
		9A5D6A3119CE87830051DB88 /* cvc@2x.png */ = {isa = PBXFileReference; lastKnownFileType = image.png; path = "cvc@2x.png"; sourceTree = "<group>"; };
		9A5D6A3219CE87830051DB88 /* diners.png */ = {isa = PBXFileReference; lastKnownFileType = image.png; path = diners.png; sourceTree = "<group>"; };
		9A5D6A3319CE87830051DB88 /* diners@2x.png */ = {isa = PBXFileReference; lastKnownFileType = image.png; path = "diners@2x.png"; sourceTree = "<group>"; };
		9A5D6A3419CE87830051DB88 /* discover.png */ = {isa = PBXFileReference; lastKnownFileType = image.png; path = discover.png; sourceTree = "<group>"; };
		9A5D6A3519CE87830051DB88 /* discover@2x.png */ = {isa = PBXFileReference; lastKnownFileType = image.png; path = "discover@2x.png"; sourceTree = "<group>"; };
		9A5D6A3619CE87830051DB88 /* jcb.png */ = {isa = PBXFileReference; lastKnownFileType = image.png; path = jcb.png; sourceTree = "<group>"; };
		9A5D6A3719CE87830051DB88 /* jcb@2x.png */ = {isa = PBXFileReference; lastKnownFileType = image.png; path = "jcb@2x.png"; sourceTree = "<group>"; };
		9A5D6A3819CE87830051DB88 /* mastercard.png */ = {isa = PBXFileReference; lastKnownFileType = image.png; path = mastercard.png; sourceTree = "<group>"; };
		9A5D6A3919CE87830051DB88 /* mastercard@2x.png */ = {isa = PBXFileReference; lastKnownFileType = image.png; path = "mastercard@2x.png"; sourceTree = "<group>"; };
		9A5D6A3A19CE87830051DB88 /* placeholder.png */ = {isa = PBXFileReference; lastKnownFileType = image.png; path = placeholder.png; sourceTree = "<group>"; };
		9A5D6A3B19CE87830051DB88 /* placeholder@2x.png */ = {isa = PBXFileReference; lastKnownFileType = image.png; path = "placeholder@2x.png"; sourceTree = "<group>"; };
		9A5D6A3C19CE87830051DB88 /* visa.png */ = {isa = PBXFileReference; lastKnownFileType = image.png; path = visa.png; sourceTree = "<group>"; };
		9A5D6A3D19CE87830051DB88 /* visa@2x.png */ = {isa = PBXFileReference; lastKnownFileType = image.png; path = "visa@2x.png"; sourceTree = "<group>"; };
		9A5D6A3E19CE87830051DB88 /* gradient@2x.png */ = {isa = PBXFileReference; lastKnownFileType = image.png; path = "gradient@2x.png"; sourceTree = "<group>"; };
		9A5D6A3F19CE87830051DB88 /* textfield.png */ = {isa = PBXFileReference; lastKnownFileType = image.png; path = textfield.png; sourceTree = "<group>"; };
		9A5D6A4019CE87830051DB88 /* textfield@2x.png */ = {isa = PBXFileReference; lastKnownFileType = image.png; path = "textfield@2x.png"; sourceTree = "<group>"; };
		9A5D6A7B19CE8A0B0051DB88 /* PKPayment+STPTestKeys.h */ = {isa = PBXFileReference; fileEncoding = 4; lastKnownFileType = sourcecode.c.h; path = "PKPayment+STPTestKeys.h"; sourceTree = "<group>"; };
		9A5D6A7C19CE8A0B0051DB88 /* PKPayment+STPTestKeys.m */ = {isa = PBXFileReference; fileEncoding = 4; lastKnownFileType = sourcecode.c.objc; path = "PKPayment+STPTestKeys.m"; sourceTree = "<group>"; };
		9A5D6A7D19CE8A0B0051DB88 /* STPAPIConnection.h */ = {isa = PBXFileReference; fileEncoding = 4; lastKnownFileType = sourcecode.c.h; path = STPAPIConnection.h; sourceTree = "<group>"; };
		9A5D6A7E19CE8A0B0051DB88 /* STPAPIConnection.m */ = {isa = PBXFileReference; fileEncoding = 4; lastKnownFileType = sourcecode.c.objc; path = STPAPIConnection.m; sourceTree = "<group>"; };
		9A5D6A7F19CE8A0B0051DB88 /* STPCard.h */ = {isa = PBXFileReference; fileEncoding = 4; lastKnownFileType = sourcecode.c.h; path = STPCard.h; sourceTree = "<group>"; };
		9A5D6A8019CE8A0B0051DB88 /* STPCard.m */ = {isa = PBXFileReference; fileEncoding = 4; lastKnownFileType = sourcecode.c.objc; path = STPCard.m; sourceTree = "<group>"; };
		9A5D6A8119CE8A0B0051DB88 /* STPFormEncodeProtocol.h */ = {isa = PBXFileReference; fileEncoding = 4; lastKnownFileType = sourcecode.c.h; path = STPFormEncodeProtocol.h; sourceTree = "<group>"; };
		9A5D6A8219CE8A0B0051DB88 /* STPTestPaymentAuthorizationViewController.h */ = {isa = PBXFileReference; fileEncoding = 4; lastKnownFileType = sourcecode.c.h; path = STPTestPaymentAuthorizationViewController.h; sourceTree = "<group>"; };
		9A5D6A8319CE8A0B0051DB88 /* STPTestPaymentAuthorizationViewController.m */ = {isa = PBXFileReference; fileEncoding = 4; lastKnownFileType = sourcecode.c.objc; path = STPTestPaymentAuthorizationViewController.m; sourceTree = "<group>"; };
		9A5D6A8419CE8A0B0051DB88 /* STPToken.h */ = {isa = PBXFileReference; fileEncoding = 4; lastKnownFileType = sourcecode.c.h; path = STPToken.h; sourceTree = "<group>"; };
		9A5D6A8519CE8A0B0051DB88 /* STPToken.m */ = {isa = PBXFileReference; fileEncoding = 4; lastKnownFileType = sourcecode.c.objc; path = STPToken.m; sourceTree = "<group>"; };
		9A5D6A8619CE8A0B0051DB88 /* STPUtils.h */ = {isa = PBXFileReference; fileEncoding = 4; lastKnownFileType = sourcecode.c.h; path = STPUtils.h; sourceTree = "<group>"; };
		9A5D6A8719CE8A0B0051DB88 /* STPUtils.m */ = {isa = PBXFileReference; fileEncoding = 4; lastKnownFileType = sourcecode.c.objc; path = STPUtils.m; sourceTree = "<group>"; };
		9A5D6A8819CE8A0B0051DB88 /* Stripe-Prefix.pch */ = {isa = PBXFileReference; fileEncoding = 4; lastKnownFileType = sourcecode.c.h; path = "Stripe-Prefix.pch"; sourceTree = "<group>"; };
		9A5D6A8919CE8A0B0051DB88 /* Stripe.h */ = {isa = PBXFileReference; fileEncoding = 4; lastKnownFileType = sourcecode.c.h; path = Stripe.h; sourceTree = "<group>"; };
		9A5D6A8A19CE8A0B0051DB88 /* Stripe.m */ = {isa = PBXFileReference; fileEncoding = 4; lastKnownFileType = sourcecode.c.objc; path = Stripe.m; sourceTree = "<group>"; };
		9A5D6A8B19CE8A0B0051DB88 /* StripeError.h */ = {isa = PBXFileReference; fileEncoding = 4; lastKnownFileType = sourcecode.c.h; path = StripeError.h; sourceTree = "<group>"; };
		9A5D6A8C19CE8A0B0051DB88 /* StripeError.m */ = {isa = PBXFileReference; fileEncoding = 4; lastKnownFileType = sourcecode.c.objc; path = StripeError.m; sourceTree = "<group>"; };
		9A5D6A9619CE8AFA0051DB88 /* Asaan.entitlements */ = {isa = PBXFileReference; lastKnownFileType = text.xml; path = Asaan.entitlements; sourceTree = "<group>"; };
		9A5D6A9719CE8AFB0051DB88 /* PassKit.framework */ = {isa = PBXFileReference; lastKnownFileType = wrapper.framework; name = PassKit.framework; path = System/Library/Frameworks/PassKit.framework; sourceTree = SDKROOT; };
		9A5D6A9919CE8AFF0051DB88 /* StoreKit.framework */ = {isa = PBXFileReference; lastKnownFileType = wrapper.framework; name = StoreKit.framework; path = System/Library/Frameworks/StoreKit.framework; sourceTree = SDKROOT; };
		9A92022219C068CD00EA68E1 /* MapKit.framework */ = {isa = PBXFileReference; lastKnownFileType = wrapper.framework; name = MapKit.framework; path = System/Library/Frameworks/MapKit.framework; sourceTree = SDKROOT; };
		9A9E501F19D2AE1F001F2C64 /* asaanTopLogo.png */ = {isa = PBXFileReference; lastKnownFileType = image.png; path = asaanTopLogo.png; sourceTree = "<group>"; };
		9A9E502019D2AE1F001F2C64 /* nextSinguppage.png */ = {isa = PBXFileReference; lastKnownFileType = image.png; path = nextSinguppage.png; sourceTree = "<group>"; };
		9A9E502119D2AE1F001F2C64 /* personePlaceholder.png */ = {isa = PBXFileReference; lastKnownFileType = image.png; path = personePlaceholder.png; sourceTree = "<group>"; };
		9A9E502519D2B7A7001F2C64 /* resturantDetailDemo.png */ = {isa = PBXFileReference; lastKnownFileType = image.png; path = resturantDetailDemo.png; sourceTree = "<group>"; };
		9A9E502719D2B8EC001F2C64 /* address.png */ = {isa = PBXFileReference; lastKnownFileType = image.png; path = address.png; sourceTree = "<group>"; };
		9A9E502819D2B8EC001F2C64 /* Phone.png */ = {isa = PBXFileReference; lastKnownFileType = image.png; path = Phone.png; sourceTree = "<group>"; };
		9A9E502B19D2BA88001F2C64 /* cal.png */ = {isa = PBXFileReference; lastKnownFileType = image.png; path = cal.png; sourceTree = "<group>"; };
		9A9E502D19D2BEE4001F2C64 /* addCard.png */ = {isa = PBXFileReference; lastKnownFileType = image.png; path = addCard.png; sourceTree = "<group>"; };
		9A9E502E19D2BEE4001F2C64 /* address2.png */ = {isa = PBXFileReference; lastKnownFileType = image.png; path = address2.png; sourceTree = "<group>"; };
		9A9E502F19D2BEE4001F2C64 /* contacts.png */ = {isa = PBXFileReference; lastKnownFileType = image.png; path = contacts.png; sourceTree = "<group>"; };
		9A9E503019D2BEE4001F2C64 /* edit.png */ = {isa = PBXFileReference; lastKnownFileType = image.png; path = edit.png; sourceTree = "<group>"; };
		9A9E503119D2BEE4001F2C64 /* money.png */ = {isa = PBXFileReference; lastKnownFileType = image.png; path = money.png; sourceTree = "<group>"; };
		9A9E503719D2C390001F2C64 /* asaanLogin.png */ = {isa = PBXFileReference; lastKnownFileType = image.png; path = asaanLogin.png; sourceTree = "<group>"; };
		9A9E503919D2C951001F2C64 /* F_icon.svg.png */ = {isa = PBXFileReference; lastKnownFileType = image.png; path = F_icon.svg.png; sourceTree = "<group>"; };
		9A9E503A19D2C951001F2C64 /* g128.png */ = {isa = PBXFileReference; lastKnownFileType = image.png; path = g128.png; sourceTree = "<group>"; };
		9A9E503D19D2CB05001F2C64 /* LoginViewController.h */ = {isa = PBXFileReference; fileEncoding = 4; lastKnownFileType = sourcecode.c.h; path = LoginViewController.h; sourceTree = "<group>"; };
		9A9E503E19D2CB05001F2C64 /* LoginViewController.m */ = {isa = PBXFileReference; fileEncoding = 4; lastKnownFileType = sourcecode.c.objc; path = LoginViewController.m; sourceTree = "<group>"; };
		9A9E504219D2DE5F001F2C64 /* splash1.png */ = {isa = PBXFileReference; lastKnownFileType = image.png; name = splash1.png; path = ../splash1.png; sourceTree = "<group>"; };
		9A9E504319D2DE6F001F2C64 /* splash2.png */ = {isa = PBXFileReference; lastKnownFileType = image.png; name = splash2.png; path = ../splash2.png; sourceTree = "<group>"; };
		9AA9835419D29C8700178BDD /* fbbutton.png */ = {isa = PBXFileReference; lastKnownFileType = image.png; path = fbbutton.png; sourceTree = "<group>"; };
		9AA9835519D29C8700178BDD /* gplusBtn.png */ = {isa = PBXFileReference; lastKnownFileType = image.png; path = gplusBtn.png; sourceTree = "<group>"; };
		9AA9835619D29C8700178BDD /* landingpage.png */ = {isa = PBXFileReference; lastKnownFileType = image.png; path = landingpage.png; sourceTree = "<group>"; };
		9AA9835A19D29DDE00178BDD /* landingpage2.png */ = {isa = PBXFileReference; lastKnownFileType = image.png; path = landingpage2.png; sourceTree = "<group>"; };
		9AB3A90919C986F900C98D8D /* AudioUnit.framework */ = {isa = PBXFileReference; lastKnownFileType = wrapper.framework; name = AudioUnit.framework; path = System/Library/Frameworks/AudioUnit.framework; sourceTree = SDKROOT; };
		9AB3A90B19C9870E00C98D8D /* AudioToolbox.framework */ = {isa = PBXFileReference; lastKnownFileType = wrapper.framework; name = AudioToolbox.framework; path = System/Library/Frameworks/AudioToolbox.framework; sourceTree = SDKROOT; };
		9AB3A90D19C9871800C98D8D /* CFNetwork.framework */ = {isa = PBXFileReference; lastKnownFileType = wrapper.framework; name = CFNetwork.framework; path = System/Library/Frameworks/CFNetwork.framework; sourceTree = SDKROOT; };
		9AB3A91019C9873700C98D8D /* libz.dylib */ = {isa = PBXFileReference; lastKnownFileType = "compiled.mach-o.dylib"; name = libz.dylib; path = usr/lib/libz.dylib; sourceTree = SDKROOT; };
		9AB3A91219C9874600C98D8D /* MobileCoreServices.framework */ = {isa = PBXFileReference; lastKnownFileType = wrapper.framework; name = MobileCoreServices.framework; path = System/Library/Frameworks/MobileCoreServices.framework; sourceTree = SDKROOT; };
		9AB3A91419C9874C00C98D8D /* QuartzCore.framework */ = {isa = PBXFileReference; lastKnownFileType = wrapper.framework; name = QuartzCore.framework; path = System/Library/Frameworks/QuartzCore.framework; sourceTree = SDKROOT; };
		9AB3A96C19C98A7300C98D8D /* Social.framework */ = {isa = PBXFileReference; lastKnownFileType = wrapper.framework; name = Social.framework; path = System/Library/Frameworks/Social.framework; sourceTree = SDKROOT; };
		9AB8388F19CFE7D900F7D334 /* InviteFriendsViewController.h */ = {isa = PBXFileReference; fileEncoding = 4; lastKnownFileType = sourcecode.c.h; path = InviteFriendsViewController.h; sourceTree = "<group>"; };
		9AB8389019CFE7D900F7D334 /* InviteFriendsViewController.m */ = {isa = PBXFileReference; fileEncoding = 4; lastKnownFileType = sourcecode.c.objc; path = InviteFriendsViewController.m; sourceTree = "<group>"; };
		9AB8389319CFF39E00F7D334 /* MBProgressHUD.h */ = {isa = PBXFileReference; fileEncoding = 4; lastKnownFileType = sourcecode.c.h; path = MBProgressHUD.h; sourceTree = "<group>"; };
		9AB8389419CFF39E00F7D334 /* MBProgressHUD.m */ = {isa = PBXFileReference; fileEncoding = 4; lastKnownFileType = sourcecode.c.objc; path = MBProgressHUD.m; sourceTree = "<group>"; };
		9AF9C4CD19D184ED00E85A39 /* ResturantDetailViewController.h */ = {isa = PBXFileReference; fileEncoding = 4; lastKnownFileType = sourcecode.c.h; path = ResturantDetailViewController.h; sourceTree = "<group>"; };
		9AF9C4CE19D184ED00E85A39 /* ResturantDetailViewController.m */ = {isa = PBXFileReference; fileEncoding = 4; lastKnownFileType = sourcecode.c.objc; path = ResturantDetailViewController.m; sourceTree = "<group>"; };
/* End PBXFileReference section */

/* Begin PBXFrameworksBuildPhase section */
		9A1F299819BED4C900CBF581 /* Frameworks */ = {
			isa = PBXFrameworksBuildPhase;
			buildActionMask = 2147483647;
			files = (
				9A5971EF19D16B960047D1CE /* MapKit.framework in Frameworks */,
				9A3D8B0319CD7F2D00BE1F25 /* AddressBook.framework in Frameworks */,
				9A55A2CB19CE991A00A5EDB5 /* Foundation.framework in Frameworks */,
				9A55A2CC19CE992200A5EDB5 /* CFNetwork.framework in Frameworks */,
				9A5D6A9819CE8AFB0051DB88 /* PassKit.framework in Frameworks */,
				9AB3A91519C9874C00C98D8D /* QuartzCore.framework in Frameworks */,
				9A3D8B0719CD7F7600BE1F25 /* MediaPlayer.framework in Frameworks */,
				9A3D8B0619CD7F6600BE1F25 /* CoreText.framework in Frameworks */,
				9A5D6A9A19CE8AFF0051DB88 /* StoreKit.framework in Frameworks */,
				9A3D8B0519CD7F5B00BE1F25 /* CoreMotion.framework in Frameworks */,
				9A3D8B0419CD7F3800BE1F25 /* AssetsLibrary.framework in Frameworks */,
				9AB3A96D19C98A7300C98D8D /* Social.framework in Frameworks */,
				9AB3A91919C9876C00C98D8D /* SystemConfiguration.framework in Frameworks */,
				9AB3A91619C9875700C98D8D /* Security.framework in Frameworks */,
				9AB3A91319C9874600C98D8D /* MobileCoreServices.framework in Frameworks */,
				9A5971EE19D12F770047D1CE /* ParseFacebookUtils.framework in Frameworks */,
				9A4DA0E819CD940E002EEA67 /* GoogleOpenSource.framework in Frameworks */,
				9AB3A91119C9873700C98D8D /* libz.dylib in Frameworks */,
				9A5971ED19D12F770047D1CE /* Parse.framework in Frameworks */,
				9AB3A90F19C9872900C98D8D /* CoreLocation.framework in Frameworks */,
				9AB3A90C19C9870E00C98D8D /* AudioToolbox.framework in Frameworks */,
				9A1F29A119BED4C900CBF581 /* CoreGraphics.framework in Frameworks */,
				9A1F29A319BED4C900CBF581 /* UIKit.framework in Frameworks */,
				9A3D8AF619CD7D3D00BE1F25 /* FacebookSDK.framework in Frameworks */,
				9A4DA0EA19CD940E002EEA67 /* GooglePlus.framework in Frameworks */,
			);
			runOnlyForDeploymentPostprocessing = 0;
		};
		9A1F29B919BED4CA00CBF581 /* Frameworks */ = {
			isa = PBXFrameworksBuildPhase;
			buildActionMask = 2147483647;
			files = (
				9A1F29BE19BED4CA00CBF581 /* XCTest.framework in Frameworks */,
				9A1F29C019BED4CA00CBF581 /* UIKit.framework in Frameworks */,
				9A1F29BF19BED4CA00CBF581 /* Foundation.framework in Frameworks */,
			);
			runOnlyForDeploymentPostprocessing = 0;
		};
/* End PBXFrameworksBuildPhase section */

/* Begin PBXGroup section */
		9A1F299219BED4C900CBF581 = {
			isa = PBXGroup;
			children = (
				9A1F29A419BED4C900CBF581 /* Asaan */,
				9A1F29C319BED4CA00CBF581 /* AsaanTests */,
				9A1F299D19BED4C900CBF581 /* Frameworks */,
				9A1F299C19BED4C900CBF581 /* Products */,
			);
			sourceTree = "<group>";
		};
		9A1F299C19BED4C900CBF581 /* Products */ = {
			isa = PBXGroup;
			children = (
				9A1F299B19BED4C900CBF581 /* Asaan.app */,
				9A1F29BC19BED4CA00CBF581 /* AsaanTests.xctest */,
			);
			name = Products;
			sourceTree = "<group>";
		};
		9A1F299D19BED4C900CBF581 /* Frameworks */ = {
			isa = PBXGroup;
			children = (
				9A5D6A9919CE8AFF0051DB88 /* StoreKit.framework */,
				9A5D6A9719CE8AFB0051DB88 /* PassKit.framework */,
				9AB3A96C19C98A7300C98D8D /* Social.framework */,
				9AB3A91419C9874C00C98D8D /* QuartzCore.framework */,
				9AB3A91219C9874600C98D8D /* MobileCoreServices.framework */,
				9AB3A91019C9873700C98D8D /* libz.dylib */,
				9AB3A90D19C9871800C98D8D /* CFNetwork.framework */,
				9AB3A90B19C9870E00C98D8D /* AudioToolbox.framework */,
				9AB3A90919C986F900C98D8D /* AudioUnit.framework */,
				9A92022219C068CD00EA68E1 /* MapKit.framework */,
				9A1F29E319BED9ED00CBF581 /* SystemConfiguration.framework */,
				9A1F29E119BED9DF00CBF581 /* Security.framework */,
				9A1F29DF19BED9DA00CBF581 /* MediaPlayer.framework */,
				9A1F29DD19BED9C700CBF581 /* CoreText.framework */,
				9A1F29DB19BED9BD00CBF581 /* CoreMotion.framework */,
				9A1F29D919BED9B500CBF581 /* CoreLocation.framework */,
				9A1F29D719BED99D00CBF581 /* AssetsLibrary.framework */,
				9A1F29D519BED99700CBF581 /* AddressBook.framework */,
				9A1F299E19BED4C900CBF581 /* Foundation.framework */,
				9A1F29A019BED4C900CBF581 /* CoreGraphics.framework */,
				9A1F29A219BED4C900CBF581 /* UIKit.framework */,
				9A1F29BD19BED4CA00CBF581 /* XCTest.framework */,
			);
			name = Frameworks;
			sourceTree = "<group>";
		};
		9A1F29A419BED4C900CBF581 /* Asaan */ = {
			isa = PBXGroup;
			children = (
				9A5D6A9619CE8AFA0051DB88 /* Asaan.entitlements */,
				9A7F20B319C806CD00FE7929 /* Libs */,
				9A1F2A1719BEFCAA00CBF581 /* images */,
				9A1F29E519BEDA1500CBF581 /* Imported Frameworks */,
				9A1F29AD19BED4C900CBF581 /* AppDelegate.h */,
				9A1F29AE19BED4C900CBF581 /* AppDelegate.m */,
				9A1F29B019BED4C900CBF581 /* Main.storyboard */,
				9A9E504119D2CB1D001F2C64 /* ViewControllers */,
				9A59722519CEDEAF00333E7A /* Helper Classes */,
				9A1F29B619BED4CA00CBF581 /* Images.xcassets */,
				9A1F29A519BED4C900CBF581 /* Supporting Files */,
			);
			path = Asaan;
			sourceTree = "<group>";
		};
		9A1F29A519BED4C900CBF581 /* Supporting Files */ = {
			isa = PBXGroup;
			children = (
				9A1F29A619BED4C900CBF581 /* Asaan-Info.plist */,
				9A1F29A719BED4C900CBF581 /* InfoPlist.strings */,
				9A1F29AA19BED4C900CBF581 /* main.m */,
				9A1F29AC19BED4C900CBF581 /* Asaan-Prefix.pch */,
			);
			name = "Supporting Files";
			sourceTree = "<group>";
		};
		9A1F29C319BED4CA00CBF581 /* AsaanTests */ = {
			isa = PBXGroup;
			children = (
				9A1F29C919BED4CA00CBF581 /* AsaanTests.m */,
				9A1F29C419BED4CA00CBF581 /* Supporting Files */,
			);
			path = AsaanTests;
			sourceTree = "<group>";
		};
		9A1F29C419BED4CA00CBF581 /* Supporting Files */ = {
			isa = PBXGroup;
			children = (
				9A1F29C519BED4CA00CBF581 /* AsaanTests-Info.plist */,
				9A1F29C619BED4CA00CBF581 /* InfoPlist.strings */,
			);
			name = "Supporting Files";
			sourceTree = "<group>";
		};
		9A1F29E519BEDA1500CBF581 /* Imported Frameworks */ = {
			isa = PBXGroup;
			children = (
				9A3D8AFC19CD7EA000BE1F25 /* GPlus */,
				9A3D8AFB19CD7DA200BE1F25 /* ParseFB */,
			);
			name = "Imported Frameworks";
			sourceTree = "<group>";
		};
		9A1F2A1719BEFCAA00CBF581 /* images */ = {
			isa = PBXGroup;
			children = (
				9A9E504319D2DE6F001F2C64 /* splash2.png */,
				9A9E504219D2DE5F001F2C64 /* splash1.png */,
				9A9E503919D2C951001F2C64 /* F_icon.svg.png */,
				9A9E503A19D2C951001F2C64 /* g128.png */,
				9A9E503719D2C390001F2C64 /* asaanLogin.png */,
				9A9E502D19D2BEE4001F2C64 /* addCard.png */,
				9A9E502E19D2BEE4001F2C64 /* address2.png */,
				9A9E502F19D2BEE4001F2C64 /* contacts.png */,
				9A9E503019D2BEE4001F2C64 /* edit.png */,
				9A9E503119D2BEE4001F2C64 /* money.png */,
				9A9E502B19D2BA88001F2C64 /* cal.png */,
				9A9E502719D2B8EC001F2C64 /* address.png */,
				9A9E502819D2B8EC001F2C64 /* Phone.png */,
				9A9E502519D2B7A7001F2C64 /* resturantDetailDemo.png */,
				9A9E501F19D2AE1F001F2C64 /* asaanTopLogo.png */,
				9A9E502019D2AE1F001F2C64 /* nextSinguppage.png */,
				9A9E502119D2AE1F001F2C64 /* personePlaceholder.png */,
				9AA9835419D29C8700178BDD /* fbbutton.png */,
				9AA9835519D29C8700178BDD /* gplusBtn.png */,
				9AA9835619D29C8700178BDD /* landingpage.png */,
				9A1F2A1519BEFCA200CBF581 /* person_placeholder.png */,
				9AA9835A19D29DDE00178BDD /* landingpage2.png */,
			);
			name = images;
			sourceTree = "<group>";
		};
		9A3D8AFB19CD7DA200BE1F25 /* ParseFB */ = {
			isa = PBXGroup;
			children = (
				9A5971EB19D12F770047D1CE /* Parse.framework */,
				9A5971EC19D12F770047D1CE /* ParseFacebookUtils.framework */,
				9A3D8AF519CD7D3D00BE1F25 /* FacebookSDK.framework */,
			);
			name = ParseFB;
			sourceTree = "<group>";
		};
		9A3D8AFC19CD7EA000BE1F25 /* GPlus */ = {
			isa = PBXGroup;
			children = (
				9A4DA0E519CD940E002EEA67 /* GoogleOpenSource.framework */,
				9A4DA0E619CD940E002EEA67 /* GooglePlus.bundle */,
				9A4DA0E719CD940E002EEA67 /* GooglePlus.framework */,
			);
			name = GPlus;
			sourceTree = "<group>";
		};
		9A59722519CEDEAF00333E7A /* Helper Classes */ = {
			isa = PBXGroup;
			children = (
			);
			name = "Helper Classes";
			sourceTree = "<group>";
		};
		9A5D6A1619CE87830051DB88 /* PaymentKit */ = {
			isa = PBXGroup;
			children = (
				9A5D6A1719CE87830051DB88 /* PTKAddressZip.h */,
				9A5D6A1819CE87830051DB88 /* PTKAddressZip.m */,
				9A5D6A1919CE87830051DB88 /* PTKCard.h */,
				9A5D6A1A19CE87830051DB88 /* PTKCard.m */,
				9A5D6A1B19CE87830051DB88 /* PTKCardCVC.h */,
				9A5D6A1C19CE87830051DB88 /* PTKCardCVC.m */,
				9A5D6A1D19CE87830051DB88 /* PTKCardExpiry.h */,
				9A5D6A1E19CE87830051DB88 /* PTKCardExpiry.m */,
				9A5D6A1F19CE87830051DB88 /* PTKCardNumber.h */,
				9A5D6A2019CE87830051DB88 /* PTKCardNumber.m */,
				9A5D6A2119CE87830051DB88 /* PTKCardType.h */,
				9A5D6A2219CE87830051DB88 /* PTKComponent.h */,
				9A5D6A2319CE87830051DB88 /* PTKComponent.m */,
				9A5D6A2419CE87830051DB88 /* PTKTextField.h */,
				9A5D6A2519CE87830051DB88 /* PTKTextField.m */,
				9A5D6A2619CE87830051DB88 /* PTKUSAddressZip.h */,
				9A5D6A2719CE87830051DB88 /* PTKUSAddressZip.m */,
				9A5D6A2819CE87830051DB88 /* PTKView.h */,
				9A5D6A2919CE87830051DB88 /* PTKView.m */,
				9A5D6A2A19CE87830051DB88 /* Resources */,
			);
			path = PaymentKit;
			sourceTree = "<group>";
		};
		9A5D6A2A19CE87830051DB88 /* Resources */ = {
			isa = PBXGroup;
			children = (
				9A5D6A2B19CE87830051DB88 /* Cards */,
				9A5D6A3E19CE87830051DB88 /* gradient@2x.png */,
				9A5D6A3F19CE87830051DB88 /* textfield.png */,
				9A5D6A4019CE87830051DB88 /* textfield@2x.png */,
			);
			path = Resources;
			sourceTree = "<group>";
		};
		9A5D6A2B19CE87830051DB88 /* Cards */ = {
			isa = PBXGroup;
			children = (
				9A5D6A2C19CE87830051DB88 /* amex.png */,
				9A5D6A2D19CE87830051DB88 /* amex@2x.png */,
				9A5D6A2E19CE87830051DB88 /* cvc-amex.png */,
				9A5D6A2F19CE87830051DB88 /* cvc-amex@2x.png */,
				9A5D6A3019CE87830051DB88 /* cvc.png */,
				9A5D6A3119CE87830051DB88 /* cvc@2x.png */,
				9A5D6A3219CE87830051DB88 /* diners.png */,
				9A5D6A3319CE87830051DB88 /* diners@2x.png */,
				9A5D6A3419CE87830051DB88 /* discover.png */,
				9A5D6A3519CE87830051DB88 /* discover@2x.png */,
				9A5D6A3619CE87830051DB88 /* jcb.png */,
				9A5D6A3719CE87830051DB88 /* jcb@2x.png */,
				9A5D6A3819CE87830051DB88 /* mastercard.png */,
				9A5D6A3919CE87830051DB88 /* mastercard@2x.png */,
				9A5D6A3A19CE87830051DB88 /* placeholder.png */,
				9A5D6A3B19CE87830051DB88 /* placeholder@2x.png */,
				9A5D6A3C19CE87830051DB88 /* visa.png */,
				9A5D6A3D19CE87830051DB88 /* visa@2x.png */,
			);
			path = Cards;
			sourceTree = "<group>";
		};
		9A5D6A7A19CE89F90051DB88 /* Stripe */ = {
			isa = PBXGroup;
			children = (
				9A5D6A7B19CE8A0B0051DB88 /* PKPayment+STPTestKeys.h */,
				9A5D6A7C19CE8A0B0051DB88 /* PKPayment+STPTestKeys.m */,
				9A5D6A7D19CE8A0B0051DB88 /* STPAPIConnection.h */,
				9A5D6A7E19CE8A0B0051DB88 /* STPAPIConnection.m */,
				9A5D6A7F19CE8A0B0051DB88 /* STPCard.h */,
				9A5D6A8019CE8A0B0051DB88 /* STPCard.m */,
				9A5D6A8119CE8A0B0051DB88 /* STPFormEncodeProtocol.h */,
				9A5D6A8219CE8A0B0051DB88 /* STPTestPaymentAuthorizationViewController.h */,
				9A5D6A8319CE8A0B0051DB88 /* STPTestPaymentAuthorizationViewController.m */,
				9A5D6A8419CE8A0B0051DB88 /* STPToken.h */,
				9A5D6A8519CE8A0B0051DB88 /* STPToken.m */,
				9A5D6A8619CE8A0B0051DB88 /* STPUtils.h */,
				9A5D6A8719CE8A0B0051DB88 /* STPUtils.m */,
				9A5D6A8819CE8A0B0051DB88 /* Stripe-Prefix.pch */,
				9A5D6A8919CE8A0B0051DB88 /* Stripe.h */,
				9A5D6A8A19CE8A0B0051DB88 /* Stripe.m */,
				9A5D6A8B19CE8A0B0051DB88 /* StripeError.h */,
				9A5D6A8C19CE8A0B0051DB88 /* StripeError.m */,
			);
			name = Stripe;
			sourceTree = "<group>";
		};
		9A7F20B319C806CD00FE7929 /* Libs */ = {
			isa = PBXGroup;
			children = (
				9AB8389219CFF39E00F7D334 /* MBProgressHUD */,
				9A5D6A7A19CE89F90051DB88 /* Stripe */,
				9A5D6A1619CE87830051DB88 /* PaymentKit */,
			);
			name = Libs;
			sourceTree = "<group>";
		};
		9A9E504119D2CB1D001F2C64 /* ViewControllers */ = {
			isa = PBXGroup;
			children = (
				9A1F29B319BED4C900CBF581 /* ViewController.h */,
				9A1F29B419BED4C900CBF581 /* ViewController.m */,
				9A1F2A1219BEEA0B00CBF581 /* SignupViewController.h */,
				9A1F2A1319BEEA0C00CBF581 /* SignupViewController.m */,
				9A59722C19CEF59C00333E7A /* PaymentInfo.h */,
				9A59722D19CEF59C00333E7A /* PaymentInfo.m */,
				9AB8388F19CFE7D900F7D334 /* InviteFriendsViewController.h */,
				9AB8389019CFE7D900F7D334 /* InviteFriendsViewController.m */,
				9A1F2A1819BEFF1100CBF581 /* ProfileViewController.h */,
				9A1F2A1919BEFF1100CBF581 /* ProfileViewController.m */,
				9A5971F019D16BD60047D1CE /* ResturantListViewController.h */,
				9A5971F119D16BD60047D1CE /* ResturantListViewController.m */,
				9AF9C4CD19D184ED00E85A39 /* ResturantDetailViewController.h */,
				9AF9C4CE19D184ED00E85A39 /* ResturantDetailViewController.m */,
				9A9E503D19D2CB05001F2C64 /* LoginViewController.h */,
				9A9E503E19D2CB05001F2C64 /* LoginViewController.m */,
			);
			name = ViewControllers;
			sourceTree = "<group>";
		};
		9AB8389219CFF39E00F7D334 /* MBProgressHUD */ = {
			isa = PBXGroup;
			children = (
				9AB8389319CFF39E00F7D334 /* MBProgressHUD.h */,
				9AB8389419CFF39E00F7D334 /* MBProgressHUD.m */,
			);
			path = MBProgressHUD;
			sourceTree = "<group>";
		};
/* End PBXGroup section */

/* Begin PBXNativeTarget section */
		9A1F299A19BED4C900CBF581 /* Asaan */ = {
			isa = PBXNativeTarget;
			buildConfigurationList = 9A1F29CD19BED4CA00CBF581 /* Build configuration list for PBXNativeTarget "Asaan" */;
			buildPhases = (
				9A1F299719BED4C900CBF581 /* Sources */,
				9A1F299819BED4C900CBF581 /* Frameworks */,
				9A1F299919BED4C900CBF581 /* Resources */,
			);
			buildRules = (
			);
			dependencies = (
			);
			name = Asaan;
			productName = Asaan;
			productReference = 9A1F299B19BED4C900CBF581 /* Asaan.app */;
			productType = "com.apple.product-type.application";
		};
		9A1F29BB19BED4CA00CBF581 /* AsaanTests */ = {
			isa = PBXNativeTarget;
			buildConfigurationList = 9A1F29D019BED4CA00CBF581 /* Build configuration list for PBXNativeTarget "AsaanTests" */;
			buildPhases = (
				9A1F29B819BED4CA00CBF581 /* Sources */,
				9A1F29B919BED4CA00CBF581 /* Frameworks */,
				9A1F29BA19BED4CA00CBF581 /* Resources */,
			);
			buildRules = (
			);
			dependencies = (
				9A1F29C219BED4CA00CBF581 /* PBXTargetDependency */,
			);
			name = AsaanTests;
			productName = AsaanTests;
			productReference = 9A1F29BC19BED4CA00CBF581 /* AsaanTests.xctest */;
			productType = "com.apple.product-type.bundle.unit-test";
		};
/* End PBXNativeTarget section */

/* Begin PBXProject section */
		9A1F299319BED4C900CBF581 /* Project object */ = {
			isa = PBXProject;
			attributes = {
				LastUpgradeCheck = 0510;
				ORGANIZATIONNAME = "Tech Fiesta";
				TargetAttributes = {
					9A1F299A19BED4C900CBF581 = {
						DevelopmentTeam = V39QP9S6S6;
						SystemCapabilities = {
							com.apple.BackgroundModes = {
								enabled = 1;
							};
							com.apple.InAppPurchase = {
								enabled = 1;
							};
							com.apple.Passbook = {
								enabled = 1;
							};
						};
					};
					9A1F29BB19BED4CA00CBF581 = {
						TestTargetID = 9A1F299A19BED4C900CBF581;
					};
				};
			};
			buildConfigurationList = 9A1F299619BED4C900CBF581 /* Build configuration list for PBXProject "Asaan" */;
			compatibilityVersion = "Xcode 3.2";
			developmentRegion = English;
			hasScannedForEncodings = 0;
			knownRegions = (
				en,
				Base,
			);
			mainGroup = 9A1F299219BED4C900CBF581;
			productRefGroup = 9A1F299C19BED4C900CBF581 /* Products */;
			projectDirPath = "";
			projectRoot = "";
			targets = (
				9A1F299A19BED4C900CBF581 /* Asaan */,
				9A1F29BB19BED4CA00CBF581 /* AsaanTests */,
			);
		};
/* End PBXProject section */

/* Begin PBXResourcesBuildPhase section */
		9A1F299919BED4C900CBF581 /* Resources */ = {
			isa = PBXResourcesBuildPhase;
			buildActionMask = 2147483647;
			files = (
				9A5D6A5A19CE87830051DB88 /* visa.png in Resources */,
				9A9E502219D2AE1F001F2C64 /* asaanTopLogo.png in Resources */,
				9A9E502919D2B8EC001F2C64 /* address.png in Resources */,
				9A9E502619D2B7A7001F2C64 /* resturantDetailDemo.png in Resources */,
				9A5D6A4E19CE87830051DB88 /* cvc.png in Resources */,
				9A5D6A5C19CE87830051DB88 /* gradient@2x.png in Resources */,
				9A1F29B719BED4CA00CBF581 /* Images.xcassets in Resources */,
				9A5D6A5219CE87830051DB88 /* discover.png in Resources */,
				9A9E503619D2BEE4001F2C64 /* money.png in Resources */,
				9AA9835B19D29DDE00178BDD /* landingpage2.png in Resources */,
				9A5D6A5019CE87830051DB88 /* diners.png in Resources */,
				9A5D6A5119CE87830051DB88 /* diners@2x.png in Resources */,
				9A5D6A4B19CE87830051DB88 /* amex@2x.png in Resources */,
				9A4DA0E919CD940E002EEA67 /* GooglePlus.bundle in Resources */,
				9A5D6A4C19CE87830051DB88 /* cvc-amex.png in Resources */,
				9A9E503419D2BEE4001F2C64 /* contacts.png in Resources */,
				9A5D6A5D19CE87830051DB88 /* textfield.png in Resources */,
				9A5D6A5919CE87830051DB88 /* placeholder@2x.png in Resources */,
				9A5D6A4A19CE87830051DB88 /* amex.png in Resources */,
				9A5D6A5419CE87830051DB88 /* jcb.png in Resources */,
				9AA9835819D29C8700178BDD /* gplusBtn.png in Resources */,
				9A9E503219D2BEE4001F2C64 /* addCard.png in Resources */,
				9A5D6A5E19CE87830051DB88 /* textfield@2x.png in Resources */,
				9A5D6A4F19CE87830051DB88 /* cvc@2x.png in Resources */,
				9A5D6A4D19CE87830051DB88 /* cvc-amex@2x.png in Resources */,
				9A9E503819D2C390001F2C64 /* asaanLogin.png in Resources */,
				9A5D6A5519CE87830051DB88 /* jcb@2x.png in Resources */,
				9A5D6A5819CE87830051DB88 /* placeholder.png in Resources */,
				9A5D6A5B19CE87830051DB88 /* visa@2x.png in Resources */,
				9A9E502319D2AE1F001F2C64 /* nextSinguppage.png in Resources */,
				9A5D6A5319CE87830051DB88 /* discover@2x.png in Resources */,
				9AA9835719D29C8700178BDD /* fbbutton.png in Resources */,
				9A9E502419D2AE1F001F2C64 /* personePlaceholder.png in Resources */,
				9A9E503C19D2C951001F2C64 /* g128.png in Resources */,
				9A9E502C19D2BA88001F2C64 /* cal.png in Resources */,
				9A1F29A919BED4C900CBF581 /* InfoPlist.strings in Resources */,
				9A9E503519D2BEE4001F2C64 /* edit.png in Resources */,
				9A9E503319D2BEE4001F2C64 /* address2.png in Resources */,
				9A9E503B19D2C951001F2C64 /* F_icon.svg.png in Resources */,
				9A9E502A19D2B8EC001F2C64 /* Phone.png in Resources */,
				9A5D6A5619CE87830051DB88 /* mastercard.png in Resources */,
				9AA9835919D29C8700178BDD /* landingpage.png in Resources */,
				9A5D6A5719CE87830051DB88 /* mastercard@2x.png in Resources */,
				9A1F2A1619BEFCA200CBF581 /* person_placeholder.png in Resources */,
				9A1F29B219BED4C900CBF581 /* Main.storyboard in Resources */,
			);
			runOnlyForDeploymentPostprocessing = 0;
		};
		9A1F29BA19BED4CA00CBF581 /* Resources */ = {
			isa = PBXResourcesBuildPhase;
			buildActionMask = 2147483647;
			files = (
				9A1F29C819BED4CA00CBF581 /* InfoPlist.strings in Resources */,
			);
			runOnlyForDeploymentPostprocessing = 0;
		};
/* End PBXResourcesBuildPhase section */

/* Begin PBXSourcesBuildPhase section */
		9A1F299719BED4C900CBF581 /* Sources */ = {
			isa = PBXSourcesBuildPhase;
			buildActionMask = 2147483647;
			files = (
				9A5D6A4119CE87830051DB88 /* PTKAddressZip.m in Sources */,
				9A5D6A8D19CE8A0B0051DB88 /* PKPayment+STPTestKeys.m in Sources */,
				9A5D6A8F19CE8A0B0051DB88 /* STPCard.m in Sources */,
				9A5D6A4819CE87830051DB88 /* PTKUSAddressZip.m in Sources */,
				9A9E503F19D2CB05001F2C64 /* LoginViewController.m in Sources */,
				9A5D6A4719CE87830051DB88 /* PTKTextField.m in Sources */,
				9A5D6A9119CE8A0B0051DB88 /* STPToken.m in Sources */,
				9A1F2A1A19BEFF1100CBF581 /* ProfileViewController.m in Sources */,
				9A1F29B519BED4C900CBF581 /* ViewController.m in Sources */,
				9A5D6A9019CE8A0B0051DB88 /* STPTestPaymentAuthorizationViewController.m in Sources */,
				9AB8389119CFE7D900F7D334 /* InviteFriendsViewController.m in Sources */,
				9A1F29AF19BED4C900CBF581 /* AppDelegate.m in Sources */,
				9A5D6A4319CE87830051DB88 /* PTKCardCVC.m in Sources */,
				9A1F29AB19BED4C900CBF581 /* main.m in Sources */,
				9A5971F219D16BD60047D1CE /* ResturantListViewController.m in Sources */,
				9A5D6A4219CE87830051DB88 /* PTKCard.m in Sources */,
				9A1F2A1419BEEA0C00CBF581 /* SignupViewController.m in Sources */,
				9A5D6A4919CE87830051DB88 /* PTKView.m in Sources */,
				9A5D6A9419CE8A0B0051DB88 /* StripeError.m in Sources */,
				9AB8389519CFF39E00F7D334 /* MBProgressHUD.m in Sources */,
				9A5D6A4519CE87830051DB88 /* PTKCardNumber.m in Sources */,
				9A5D6A4619CE87830051DB88 /* PTKComponent.m in Sources */,
				9AF9C4CF19D184ED00E85A39 /* ResturantDetailViewController.m in Sources */,
				9A5D6A9219CE8A0B0051DB88 /* STPUtils.m in Sources */,
				9A5D6A8E19CE8A0B0051DB88 /* STPAPIConnection.m in Sources */,
				9A59722E19CEF59C00333E7A /* PaymentInfo.m in Sources */,
				9A5D6A9319CE8A0B0051DB88 /* Stripe.m in Sources */,
				9A5D6A4419CE87830051DB88 /* PTKCardExpiry.m in Sources */,
			);
			runOnlyForDeploymentPostprocessing = 0;
		};
		9A1F29B819BED4CA00CBF581 /* Sources */ = {
			isa = PBXSourcesBuildPhase;
			buildActionMask = 2147483647;
			files = (
				9A1F29CA19BED4CA00CBF581 /* AsaanTests.m in Sources */,
			);
			runOnlyForDeploymentPostprocessing = 0;
		};
/* End PBXSourcesBuildPhase section */

/* Begin PBXTargetDependency section */
		9A1F29C219BED4CA00CBF581 /* PBXTargetDependency */ = {
			isa = PBXTargetDependency;
			target = 9A1F299A19BED4C900CBF581 /* Asaan */;
			targetProxy = 9A1F29C119BED4CA00CBF581 /* PBXContainerItemProxy */;
		};
/* End PBXTargetDependency section */

/* Begin PBXVariantGroup section */
		9A1F29A719BED4C900CBF581 /* InfoPlist.strings */ = {
			isa = PBXVariantGroup;
			children = (
				9A1F29A819BED4C900CBF581 /* en */,
			);
			name = InfoPlist.strings;
			sourceTree = "<group>";
		};
		9A1F29B019BED4C900CBF581 /* Main.storyboard */ = {
			isa = PBXVariantGroup;
			children = (
				9A1F29B119BED4C900CBF581 /* Base */,
			);
			name = Main.storyboard;
			sourceTree = "<group>";
		};
		9A1F29C619BED4CA00CBF581 /* InfoPlist.strings */ = {
			isa = PBXVariantGroup;
			children = (
				9A1F29C719BED4CA00CBF581 /* en */,
			);
			name = InfoPlist.strings;
			sourceTree = "<group>";
		};
/* End PBXVariantGroup section */

/* Begin XCBuildConfiguration section */
		9A1F29CB19BED4CA00CBF581 /* Debug */ = {
			isa = XCBuildConfiguration;
			buildSettings = {
				ALWAYS_SEARCH_USER_PATHS = NO;
				CLANG_CXX_LANGUAGE_STANDARD = "gnu++0x";
				CLANG_CXX_LIBRARY = "libc++";
				CLANG_ENABLE_MODULES = YES;
				CLANG_ENABLE_OBJC_ARC = YES;
				CLANG_WARN_BOOL_CONVERSION = YES;
				CLANG_WARN_CONSTANT_CONVERSION = YES;
				CLANG_WARN_DIRECT_OBJC_ISA_USAGE = YES_ERROR;
				CLANG_WARN_EMPTY_BODY = YES;
				CLANG_WARN_ENUM_CONVERSION = YES;
				CLANG_WARN_INT_CONVERSION = YES;
				CLANG_WARN_OBJC_ROOT_CLASS = YES_ERROR;
				CLANG_WARN__DUPLICATE_METHOD_MATCH = YES;
				"CODE_SIGN_IDENTITY[sdk=iphoneos*]" = "iPhone Developer";
				COPY_PHASE_STRIP = NO;
				GCC_C_LANGUAGE_STANDARD = gnu99;
				GCC_DYNAMIC_NO_PIC = NO;
				GCC_OPTIMIZATION_LEVEL = 0;
				GCC_PREPROCESSOR_DEFINITIONS = (
					"DEBUG=1",
					"$(inherited)",
				);
				GCC_SYMBOLS_PRIVATE_EXTERN = NO;
				GCC_WARN_64_TO_32_BIT_CONVERSION = YES;
				GCC_WARN_ABOUT_RETURN_TYPE = YES_ERROR;
				GCC_WARN_UNDECLARED_SELECTOR = YES;
				GCC_WARN_UNINITIALIZED_AUTOS = YES_AGGRESSIVE;
				GCC_WARN_UNUSED_FUNCTION = YES;
				GCC_WARN_UNUSED_VARIABLE = YES;
				IPHONEOS_DEPLOYMENT_TARGET = 7.1;
				ONLY_ACTIVE_ARCH = YES;
				SDKROOT = iphoneos;
			};
			name = Debug;
		};
		9A1F29CC19BED4CA00CBF581 /* Release */ = {
			isa = XCBuildConfiguration;
			buildSettings = {
				ALWAYS_SEARCH_USER_PATHS = NO;
				CLANG_CXX_LANGUAGE_STANDARD = "gnu++0x";
				CLANG_CXX_LIBRARY = "libc++";
				CLANG_ENABLE_MODULES = YES;
				CLANG_ENABLE_OBJC_ARC = YES;
				CLANG_WARN_BOOL_CONVERSION = YES;
				CLANG_WARN_CONSTANT_CONVERSION = YES;
				CLANG_WARN_DIRECT_OBJC_ISA_USAGE = YES_ERROR;
				CLANG_WARN_EMPTY_BODY = YES;
				CLANG_WARN_ENUM_CONVERSION = YES;
				CLANG_WARN_INT_CONVERSION = YES;
				CLANG_WARN_OBJC_ROOT_CLASS = YES_ERROR;
				CLANG_WARN__DUPLICATE_METHOD_MATCH = YES;
				"CODE_SIGN_IDENTITY[sdk=iphoneos*]" = "iPhone Developer";
				COPY_PHASE_STRIP = YES;
				ENABLE_NS_ASSERTIONS = NO;
				GCC_C_LANGUAGE_STANDARD = gnu99;
				GCC_WARN_64_TO_32_BIT_CONVERSION = YES;
				GCC_WARN_ABOUT_RETURN_TYPE = YES_ERROR;
				GCC_WARN_UNDECLARED_SELECTOR = YES;
				GCC_WARN_UNINITIALIZED_AUTOS = YES_AGGRESSIVE;
				GCC_WARN_UNUSED_FUNCTION = YES;
				GCC_WARN_UNUSED_VARIABLE = YES;
				IPHONEOS_DEPLOYMENT_TARGET = 7.1;
				SDKROOT = iphoneos;
				VALIDATE_PRODUCT = YES;
			};
			name = Release;
		};
		9A1F29CE19BED4CA00CBF581 /* Debug */ = {
			isa = XCBuildConfiguration;
			buildSettings = {
				ASSETCATALOG_COMPILER_APPICON_NAME = "AppIcon-2";
				ASSETCATALOG_COMPILER_LAUNCHIMAGE_NAME = "LaunchImage-3";
				CODE_SIGN_IDENTITY = "iPhone Developer";
				"CODE_SIGN_IDENTITY[sdk=iphoneos*]" = "iPhone Developer";
				FRAMEWORK_SEARCH_PATHS = (
					"$(inherited)",
					"$(PROJECT_DIR)/Asaan",
					"$(PROJECT_DIR)",
				);
				GCC_PRECOMPILE_PREFIX_HEADER = YES;
				GCC_PREFIX_HEADER = "Asaan/Asaan-Prefix.pch";
				HEADER_SEARCH_PATHS = (
					"$(inherited)",
					"/Applications/Xcode\\ 2.app/Contents/Developer/Toolchains/XcodeDefault.xctoolchain/usr/include",
				);
				INFOPLIST_FILE = "Asaan/Asaan-Info.plist";
				OTHER_LDFLAGS = "-ObjC";
				PRODUCT_NAME = "$(TARGET_NAME)";
				PROVISIONING_PROFILE = "";
				USER_HEADER_SEARCH_PATHS = "$(PROJECT_DIR)/Asaan/GoogleOpenSource.framework/Headers";
				WRAPPER_EXTENSION = app;
			};
			name = Debug;
		};
		9A1F29CF19BED4CA00CBF581 /* Release */ = {
			isa = XCBuildConfiguration;
			buildSettings = {
				ASSETCATALOG_COMPILER_APPICON_NAME = "AppIcon-2";
				ASSETCATALOG_COMPILER_LAUNCHIMAGE_NAME = "LaunchImage-3";
				CODE_SIGN_IDENTITY = "iPhone Developer";
				"CODE_SIGN_IDENTITY[sdk=iphoneos*]" = "iPhone Developer";
				FRAMEWORK_SEARCH_PATHS = (
					"$(inherited)",
					"$(PROJECT_DIR)/Asaan",
					"$(PROJECT_DIR)",
				);
				GCC_PRECOMPILE_PREFIX_HEADER = YES;
				GCC_PREFIX_HEADER = "Asaan/Asaan-Prefix.pch";
				HEADER_SEARCH_PATHS = (
					"$(inherited)",
					"/Applications/Xcode\\ 2.app/Contents/Developer/Toolchains/XcodeDefault.xctoolchain/usr/include",
				);
				INFOPLIST_FILE = "Asaan/Asaan-Info.plist";
				OTHER_LDFLAGS = "-ObjC";
				PRODUCT_NAME = "$(TARGET_NAME)";
				PROVISIONING_PROFILE = "";
				USER_HEADER_SEARCH_PATHS = "$(PROJECT_DIR)/Asaan/GoogleOpenSource.framework/Headers";
				WRAPPER_EXTENSION = app;
			};
			name = Release;
		};
		9A1F29D119BED4CA00CBF581 /* Debug */ = {
			isa = XCBuildConfiguration;
			buildSettings = {
				BUNDLE_LOADER = "$(BUILT_PRODUCTS_DIR)/Asaan.app/Asaan";
				FRAMEWORK_SEARCH_PATHS = (
					"$(SDKROOT)/Developer/Library/Frameworks",
					"$(inherited)",
					"$(DEVELOPER_FRAMEWORKS_DIR)",
				);
				GCC_PRECOMPILE_PREFIX_HEADER = YES;
				GCC_PREFIX_HEADER = "Asaan/Asaan-Prefix.pch";
				GCC_PREPROCESSOR_DEFINITIONS = (
					"DEBUG=1",
					"$(inherited)",
				);
				INFOPLIST_FILE = "AsaanTests/AsaanTests-Info.plist";
				PRODUCT_NAME = "$(TARGET_NAME)";
				TEST_HOST = "$(BUNDLE_LOADER)";
				WRAPPER_EXTENSION = xctest;
			};
			name = Debug;
		};
		9A1F29D219BED4CA00CBF581 /* Release */ = {
			isa = XCBuildConfiguration;
			buildSettings = {
				BUNDLE_LOADER = "$(BUILT_PRODUCTS_DIR)/Asaan.app/Asaan";
				FRAMEWORK_SEARCH_PATHS = (
					"$(SDKROOT)/Developer/Library/Frameworks",
					"$(inherited)",
					"$(DEVELOPER_FRAMEWORKS_DIR)",
				);
				GCC_PRECOMPILE_PREFIX_HEADER = YES;
				GCC_PREFIX_HEADER = "Asaan/Asaan-Prefix.pch";
				INFOPLIST_FILE = "AsaanTests/AsaanTests-Info.plist";
				PRODUCT_NAME = "$(TARGET_NAME)";
				TEST_HOST = "$(BUNDLE_LOADER)";
				WRAPPER_EXTENSION = xctest;
			};
			name = Release;
		};
/* End XCBuildConfiguration section */

/* Begin XCConfigurationList section */
		9A1F299619BED4C900CBF581 /* Build configuration list for PBXProject "Asaan" */ = {
			isa = XCConfigurationList;
			buildConfigurations = (
				9A1F29CB19BED4CA00CBF581 /* Debug */,
				9A1F29CC19BED4CA00CBF581 /* Release */,
			);
			defaultConfigurationIsVisible = 0;
			defaultConfigurationName = Release;
		};
		9A1F29CD19BED4CA00CBF581 /* Build configuration list for PBXNativeTarget "Asaan" */ = {
			isa = XCConfigurationList;
			buildConfigurations = (
				9A1F29CE19BED4CA00CBF581 /* Debug */,
				9A1F29CF19BED4CA00CBF581 /* Release */,
			);
			defaultConfigurationIsVisible = 0;
			defaultConfigurationName = Release;
		};
		9A1F29D019BED4CA00CBF581 /* Build configuration list for PBXNativeTarget "AsaanTests" */ = {
			isa = XCConfigurationList;
			buildConfigurations = (
				9A1F29D119BED4CA00CBF581 /* Debug */,
				9A1F29D219BED4CA00CBF581 /* Release */,
			);
			defaultConfigurationIsVisible = 0;
			defaultConfigurationName = Release;
		};
/* End XCConfigurationList section */
	};
	rootObject = 9A1F299319BED4C900CBF581 /* Project object */;
}
